{
  "name": "erjzhang",
  "lockfileVersion": 2,
  "requires": true,
  "packages": {
    "": {
      "dependencies": {
        "topojson": "^3.0.2"
      }
    },
    "node_modules/commander": {
      "version": "2.20.3",
      "resolved": "https://registry.npmjs.org/commander/-/commander-2.20.3.tgz",
      "integrity": "sha512-GpVkmM8vF2vQUkj2LvZmD35JxeJOLCwJ9cUkugyk2nuhbv3+mJvpLYYt+0+USMxE+oj+ey/lJEnhZw75x/OMcQ=="
    },
    "node_modules/topojson": {
      "version": "3.0.2",
      "resolved": "https://registry.npmjs.org/topojson/-/topojson-3.0.2.tgz",
      "integrity": "sha512-u3zeuL6WEVL0dmsRn7uHZKc4Ao4gpW3sORUv+N3ezLTvY3JdCuyg0hvpWiIfFw8p/JwVN++SvAsFgcFEeR15rQ==",
      "deprecated": "Use topojson-client, topojson-server or topojson-simplify directly.",
      "dependencies": {
        "topojson-client": "3.0.0",
        "topojson-server": "3.0.0",
        "topojson-simplify": "3.0.2"
      },
      "bin": {
        "geo2topo": "node_modules/topojson-server/bin/geo2topo",
        "topo2geo": "node_modules/topojson-client/bin/topo2geo",
        "topomerge": "node_modules/topojson-client/bin/topomerge",
        "topoquantize": "node_modules/topojson-client/bin/topoquantize",
        "toposimplify": "node_modules/topojson-simplify/bin/toposimplify"
      }
    },
    "node_modules/topojson-client": {
      "version": "3.0.0",
      "resolved": "https://registry.npmjs.org/topojson-client/-/topojson-client-3.0.0.tgz",
      "integrity": "sha512-2phZ98wg/iKvsWxbB6JQcq0/N0f+sRx8ZogdvjCg+CjaJdmV0knP0OQwK5XbgnytAPx5lPZk41kiWpgH2w9FHg==",
      "dependencies": {
        "commander": "2"
      },
      "bin": {
        "topo2geo": "bin/topo2geo",
        "topomerge": "bin/topomerge",
        "topoquantize": "bin/topoquantize"
      }
    },
    "node_modules/topojson-server": {
      "version": "3.0.0",
      "resolved": "https://registry.npmjs.org/topojson-server/-/topojson-server-3.0.0.tgz",
      "integrity": "sha512-UhhwQk4e2+lwhAVYkja3J5nQHQmKwORDuIQPkMnFFZFcLqWKLQWI3u7fZWtNIXTElBjTYdBUL1kzi1+oS/qDQw==",
      "dependencies": {
        "commander": "2"
      },
      "bin": {
        "geo2topo": "bin/geo2topo"
      }
    },
    "node_modules/topojson-simplify": {
      "version": "3.0.2",
      "resolved": "https://registry.npmjs.org/topojson-simplify/-/topojson-simplify-3.0.2.tgz",
      "integrity": "sha512-gyYSVRt4jO/0RJXKZQPzTDQRWV+D/nOfiljNUv0HBXslFLtq3yxRHrl7jbrjdbda5Ytdr7M8BZUI4OxU7tnbRQ==",
      "dependencies": {
        "commander": "2",
        "topojson-client": "3"
      },
      "bin": {
        "toposimplify": "bin/toposimplify"
      }
    }
  },
  "dependencies": {
    "commander": {
      "version": "2.20.3",
      "resolved": "https://registry.npmjs.org/commander/-/commander-2.20.3.tgz",
      "integrity": "sha512-GpVkmM8vF2vQUkj2LvZmD35JxeJOLCwJ9cUkugyk2nuhbv3+mJvpLYYt+0+USMxE+oj+ey/lJEnhZw75x/OMcQ=="
    },
    "topojson": {
      "version": "3.0.2",
      "resolved": "https://registry.npmjs.org/topojson/-/topojson-3.0.2.tgz",
      "integrity": "sha512-u3zeuL6WEVL0dmsRn7uHZKc4Ao4gpW3sORUv+N3ezLTvY3JdCuyg0hvpWiIfFw8p/JwVN++SvAsFgcFEeR15rQ==",
      "requires": {
        "topojson-client": "3.0.0",
        "topojson-server": "3.0.0",
        "topojson-simplify": "3.0.2"
      }
    },
    "topojson-client": {
      "version": "3.0.0",
      "resolved": "https://registry.npmjs.org/topojson-client/-/topojson-client-3.0.0.tgz",
      "integrity": "sha512-2phZ98wg/iKvsWxbB6JQcq0/N0f+sRx8ZogdvjCg+CjaJdmV0knP0OQwK5XbgnytAPx5lPZk41kiWpgH2w9FHg==",
      "requires": {
        "commander": "2"
      }
    },
    "topojson-server": {
      "version": "3.0.0",
      "resolved": "https://registry.npmjs.org/topojson-server/-/topojson-server-3.0.0.tgz",
      "integrity": "sha512-UhhwQk4e2+lwhAVYkja3J5nQHQmKwORDuIQPkMnFFZFcLqWKLQWI3u7fZWtNIXTElBjTYdBUL1kzi1+oS/qDQw==",
      "requires": {
        "commander": "2"
      }
    },
    "topojson-simplify": {
      "version": "3.0.2",
      "resolved": "https://registry.npmjs.org/topojson-simplify/-/topojson-simplify-3.0.2.tgz",
      "integrity": "sha512-gyYSVRt4jO/0RJXKZQPzTDQRWV+D/nOfiljNUv0HBXslFLtq3yxRHrl7jbrjdbda5Ytdr7M8BZUI4OxU7tnbRQ==",
      "requires": {
        "commander": "2",
        "topojson-client": "3"
      }
    }
  }
}
